
Microsoft Visual Studio Solution File, Format Version 12.00
# Visual Studio Version 17
VisualStudioVersion = 17.5.33516.290
MinimumVisualStudioVersion = 10.0.40219.1
Project("{9A19103F-16F7-4668-BE54-9A1E7A4F7556}") = "Best_web_application_ever", "Best_web_application_ever\Best_web_application_ever.csproj", "{22E5240B-B4EA-4A26-BEF6-AE32DE44DB3D}"
EndProject
Global
	GlobalSection(SolutionConfigurationPlatforms) = preSolution
		Debug|Any CPU = Debug|Any CPU
		Release|Any CPU = Release|Any CPU
	EndGlobalSection
	GlobalSection(ProjectConfigurationPlatforms) = postSolution
		{22E5240B-B4EA-4A26-BEF6-AE32DE44DB3D}.Debug|Any CPU.ActiveCfg = Debug|Any CPU
		{22E5240B-B4EA-4A26-BEF6-AE32DE44DB3D}.Debug|Any CPU.Build.0 = Debug|Any CPU
		{22E5240B-B4EA-4A26-BEF6-AE32DE44DB3D}.Release|Any CPU.ActiveCfg = Release|Any CPU
		{22E5240B-B4EA-4A26-BEF6-AE32DE44DB3D}.Release|Any CPU.Build.0 = Release|Any CPU
	EndGlobalSection
	GlobalSection(SolutionProperties) = preSolution
		HideSolutionNode = FALSE
	EndGlobalSection
	GlobalSection(ExtensibilityGlobals) = postSolution
		SolutionGuid = {CD3242A5-4FCC-4EF5-9749-301886CB7EC6}
	EndGlobalSection
EndGlobal
